
Microsoft Visual Studio Solution File, Format Version 12.00
# Visual Studio 15
VisualStudioVersion = 15.0.28307.421
MinimumVisualStudioVersion = 10.0.40219.1
Project("{FAE04EC0-301F-11D3-BF4B-00C04F79EFBC}") = "QLVDV", "QLVDV\QLVDV.csproj", "{997F43F7-D656-4771-AF56-107E0B62031B}"
EndProject
Global
	GlobalSection(SolutionConfigurationPlatforms) = preSolution
		Debug|Any CPU = Debug|Any CPU
		Release|Any CPU = Release|Any CPU
	EndGlobalSection
	GlobalSection(ProjectConfigurationPlatforms) = postSolution
		{997F43F7-D656-4771-AF56-107E0B62031B}.Debug|Any CPU.ActiveCfg = Debug|Any CPU
		{997F43F7-D656-4771-AF56-107E0B62031B}.Debug|Any CPU.Build.0 = Debug|Any CPU
		{997F43F7-D656-4771-AF56-107E0B62031B}.Release|Any CPU.ActiveCfg = Release|Any CPU
		{997F43F7-D656-4771-AF56-107E0B62031B}.Release|Any CPU.Build.0 = Release|Any CPU
	EndGlobalSection
	GlobalSection(SolutionProperties) = preSolution
		HideSolutionNode = FALSE
	EndGlobalSection
	GlobalSection(ExtensibilityGlobals) = postSolution
		SolutionGuid = {14E215A0-2FA2-4966-8DF0-9025CABF05CA}
	EndGlobalSection
EndGlobal
